
Microsoft Visual Studio Solution File, Format Version 12.00
# Visual Studio 2013
VisualStudioVersion = 12.0.31101.0
MinimumVisualStudioVersion = 10.0.40219.1
Project("{FAE04EC0-301F-11D3-BF4B-00C04F79EFBC}") = "Domain", "Domain\Domain.csproj", "{BC5C1F9F-7AA6-4F5E-B35D-5A2E1994C4C5}"
EndProject
Project("{FAE04EC0-301F-11D3-BF4B-00C04F79EFBC}") = "Services", "Services\Services.csproj", "{F96BAA5E-7270-4D27-965C-C198EA79052F}"
EndProject
Project("{FAE04EC0-301F-11D3-BF4B-00C04F79EFBC}") = "ViewModel", "ViewModel\ViewModel.csproj", "{87FE9E85-E905-4C0A-AD25-E5CA81A024AD}"
EndProject
Project("{FAE04EC0-301F-11D3-BF4B-00C04F79EFBC}") = "Repository", "Repository\Repository.csproj", "{3B3FCB35-D784-4805-B3AD-493F34C3754C}"
EndProject
Project("{FAE04EC0-301F-11D3-BF4B-00C04F79EFBC}") = "Agendeitorlands", "Agendeitorlands\Agendeitorlands.csproj", "{42A70A19-CF7C-40C1-ABE1-8810C0FA4A35}"
EndProject
Global
	GlobalSection(SolutionConfigurationPlatforms) = preSolution
		Debug|Any CPU = Debug|Any CPU
		Release|Any CPU = Release|Any CPU
	EndGlobalSection
	GlobalSection(ProjectConfigurationPlatforms) = postSolution
		{BC5C1F9F-7AA6-4F5E-B35D-5A2E1994C4C5}.Debug|Any CPU.ActiveCfg = Debug|Any CPU
		{BC5C1F9F-7AA6-4F5E-B35D-5A2E1994C4C5}.Debug|Any CPU.Build.0 = Debug|Any CPU
		{BC5C1F9F-7AA6-4F5E-B35D-5A2E1994C4C5}.Release|Any CPU.ActiveCfg = Release|Any CPU
		{BC5C1F9F-7AA6-4F5E-B35D-5A2E1994C4C5}.Release|Any CPU.Build.0 = Release|Any CPU
		{F96BAA5E-7270-4D27-965C-C198EA79052F}.Debug|Any CPU.ActiveCfg = Debug|Any CPU
		{F96BAA5E-7270-4D27-965C-C198EA79052F}.Debug|Any CPU.Build.0 = Debug|Any CPU
		{F96BAA5E-7270-4D27-965C-C198EA79052F}.Release|Any CPU.ActiveCfg = Release|Any CPU
		{F96BAA5E-7270-4D27-965C-C198EA79052F}.Release|Any CPU.Build.0 = Release|Any CPU
		{87FE9E85-E905-4C0A-AD25-E5CA81A024AD}.Debug|Any CPU.ActiveCfg = Debug|Any CPU
		{87FE9E85-E905-4C0A-AD25-E5CA81A024AD}.Debug|Any CPU.Build.0 = Debug|Any CPU
		{87FE9E85-E905-4C0A-AD25-E5CA81A024AD}.Release|Any CPU.ActiveCfg = Release|Any CPU
		{87FE9E85-E905-4C0A-AD25-E5CA81A024AD}.Release|Any CPU.Build.0 = Release|Any CPU
		{3B3FCB35-D784-4805-B3AD-493F34C3754C}.Debug|Any CPU.ActiveCfg = Debug|Any CPU
		{3B3FCB35-D784-4805-B3AD-493F34C3754C}.Debug|Any CPU.Build.0 = Debug|Any CPU
		{3B3FCB35-D784-4805-B3AD-493F34C3754C}.Release|Any CPU.ActiveCfg = Release|Any CPU
		{3B3FCB35-D784-4805-B3AD-493F34C3754C}.Release|Any CPU.Build.0 = Release|Any CPU
		{42A70A19-CF7C-40C1-ABE1-8810C0FA4A35}.Debug|Any CPU.ActiveCfg = Debug|Any CPU
		{42A70A19-CF7C-40C1-ABE1-8810C0FA4A35}.Debug|Any CPU.Build.0 = Debug|Any CPU
		{42A70A19-CF7C-40C1-ABE1-8810C0FA4A35}.Release|Any CPU.ActiveCfg = Release|Any CPU
		{42A70A19-CF7C-40C1-ABE1-8810C0FA4A35}.Release|Any CPU.Build.0 = Release|Any CPU
	EndGlobalSection
	GlobalSection(SolutionProperties) = preSolution
		HideSolutionNode = FALSE
	EndGlobalSection
EndGlobal
